
Microsoft Visual Studio Solution File, Format Version 12.00
# Visual Studio 2013
VisualStudioVersion = 12.0.30501.0
MinimumVisualStudioVersion = 10.0.40219.1
Project("{FAE04EC0-301F-11D3-BF4B-00C04F79EFBC}") = "CompiledFeeds.Core", "CompiledFeeds.Core\CompiledFeeds.Core.csproj", "{F4A8F357-2EEC-415A-B7F0-564FBC95F7E1}"
EndProject
Project("{FAE04EC0-301F-11D3-BF4B-00C04F79EFBC}") = "CompiledFeeds.Tests", "CompiledFeeds.Tests\CompiledFeeds.Tests.csproj", "{3396E31E-60C8-44BC-BA98-1E99BC481E3B}"
EndProject
Global
	GlobalSection(SolutionConfigurationPlatforms) = preSolution
		Debug|Any CPU = Debug|Any CPU
		Release|Any CPU = Release|Any CPU
	EndGlobalSection
	GlobalSection(ProjectConfigurationPlatforms) = postSolution
		{F4A8F357-2EEC-415A-B7F0-564FBC95F7E1}.Debug|Any CPU.ActiveCfg = Debug|Any CPU
		{F4A8F357-2EEC-415A-B7F0-564FBC95F7E1}.Debug|Any CPU.Build.0 = Debug|Any CPU
		{F4A8F357-2EEC-415A-B7F0-564FBC95F7E1}.Release|Any CPU.ActiveCfg = Release|Any CPU
		{F4A8F357-2EEC-415A-B7F0-564FBC95F7E1}.Release|Any CPU.Build.0 = Release|Any CPU
		{3396E31E-60C8-44BC-BA98-1E99BC481E3B}.Debug|Any CPU.ActiveCfg = Debug|Any CPU
		{3396E31E-60C8-44BC-BA98-1E99BC481E3B}.Debug|Any CPU.Build.0 = Debug|Any CPU
		{3396E31E-60C8-44BC-BA98-1E99BC481E3B}.Release|Any CPU.ActiveCfg = Release|Any CPU
		{3396E31E-60C8-44BC-BA98-1E99BC481E3B}.Release|Any CPU.Build.0 = Release|Any CPU
	EndGlobalSection
	GlobalSection(SolutionProperties) = preSolution
		HideSolutionNode = FALSE
	EndGlobalSection
EndGlobal
